# THIS IS AN AUTOGENERATED FILE. DO NOT EDIT THIS FILE DIRECTLY.
# yarn lockfile v1


flow-bin@^0.134.0:
  version "0.134.0"
  resolved "https://registry.yarnpkg.com/flow-bin/-/flow-bin-0.134.0.tgz#e98e5724f6ed5a1265cf904bbb5e4c096ea3a026"
  integrity sha512-j5aCugO3jmwDsUKc+7KReArgnL6aVjHLo6DlozKhxKYN+TaP8BY+mintPSISjSQtKZFJyvoNAc1oXA79X5WjIA==

safety-match@0.4.4:
  version "0.4.4"
  resolved "https://registry.yarnpkg.com/safety-match/-/safety-match-0.4.4.tgz#58e8fda404bbdf3116c47300dbe2900490b38b63"
  integrity sha512-f6+n7M03SGjmL2d3/nf/tsXyjw1ATQ3n6JPGqk5NRxvqmWHIG03deeVLrjy72mzLyVTp2k7WF3NrbmdrG/IKdw==
